
Microsoft Visual Studio Solution File, Format Version 12.00
# Visual Studio Version 16
VisualStudioVersion = 16.0.29613.14
MinimumVisualStudioVersion = 10.0.40219.1
Project("{FAE04EC0-301F-11D3-BF4B-00C04F79EFBC}") = "BookAPIs_Creation_MVCCore", "BookAPIs_Creation_MVCCore\BookAPIs_Creation_MVCCore.csproj", "{4BCAB17E-7EE6-4293-9E9D-5C5DB56CB718}"
EndProject
Global
	GlobalSection(SolutionConfigurationPlatforms) = preSolution
		Debug|Any CPU = Debug|Any CPU
		Release|Any CPU = Release|Any CPU
	EndGlobalSection
	GlobalSection(ProjectConfigurationPlatforms) = postSolution
		{4BCAB17E-7EE6-4293-9E9D-5C5DB56CB718}.Debug|Any CPU.ActiveCfg = Debug|Any CPU
		{4BCAB17E-7EE6-4293-9E9D-5C5DB56CB718}.Debug|Any CPU.Build.0 = Debug|Any CPU
		{4BCAB17E-7EE6-4293-9E9D-5C5DB56CB718}.Release|Any CPU.ActiveCfg = Release|Any CPU
		{4BCAB17E-7EE6-4293-9E9D-5C5DB56CB718}.Release|Any CPU.Build.0 = Release|Any CPU
	EndGlobalSection
	GlobalSection(SolutionProperties) = preSolution
		HideSolutionNode = FALSE
	EndGlobalSection
	GlobalSection(ExtensibilityGlobals) = postSolution
		SolutionGuid = {C0484D41-0378-45A6-8D90-E6A5203F8E86}
	EndGlobalSection
EndGlobal
